{
  "version": 4,
  "terraform_version": "1.13.3",
  "serial": 1,
  "lineage": "68836bc7-6ac5-9621-3d30-1974c8420cd0",
  "outputs": {},
  "resources": [
    {
      "mode": "managed",
      "type": "aws_vpc",
      "name": "THIS_VPC",
      "provider": "provider[\"registry.terraform.io/hashicorp/aws\"]",
      "instances": [
        {
          "schema_version": 1,
          "attributes": {
            "arn": "arn:aws:ec2:us-east-1:467392263493:vpc/vpc-0470e1b482b6432df",
            "assign_generated_ipv6_cidr_block": false,
            "cidr_block": "10.0.0.0/20",
            "default_network_acl_id": "acl-02968c650ff7eb8b9",
            "default_route_table_id": "rtb-09260745f0389db88",
            "default_security_group_id": "sg-0da2fd2e547d627be",
            "dhcp_options_id": "dopt-0f0b27587ca98037d",
            "enable_dns_hostnames": false,
            "enable_dns_support": true,
            "enable_network_address_usage_metrics": false,
            "id": "vpc-0470e1b482b6432df",
            "instance_tenancy": "default",
            "ipv4_ipam_pool_id": null,
            "ipv4_netmask_length": null,
            "ipv6_association_id": "",
            "ipv6_cidr_block": "",
            "ipv6_cidr_block_network_border_group": "",
            "ipv6_ipam_pool_id": "",
            "ipv6_netmask_length": 0,
            "main_route_table_id": "rtb-09260745f0389db88",
            "owner_id": "467392263493",
            "region": "us-east-1",
            "tags": {
              "Environment": "Prod",
              "Product": "application",
              "Project": "THREE-TIER-VPC"
            },
            "tags_all": {
              "Environment": "Prod",
              "Product": "application",
              "Project": "THREE-TIER-VPC"
            }
          },
          "sensitive_attributes": [],
          "identity_schema_version": 0,
          "identity": {
            "account_id": "467392263493",
            "id": "vpc-0470e1b482b6432df",
            "region": "us-east-1"
          },
          "private": "eyJzY2hlbWFfdmVyc2lvbiI6IjEifQ=="
        }
      ]
    }
  ],
  "check_results": null
}
